
Microsoft Visual Studio Solution File, Format Version 12.00
# Visual Studio Version 17
VisualStudioVersion = 17.1.32319.34
MinimumVisualStudioVersion = 10.0.40219.1
Project("{9A19103F-16F7-4668-BE54-9A1E7A4F7556}") = "TgsARM.TestUtility", "TgsARM.TestUtility\TgsARM.TestUtility.csproj", "{EB8C51C8-C6E7-4686-8C87-436E3BEF1762}"
EndProject
Project("{9A19103F-16F7-4668-BE54-9A1E7A4F7556}") = "UserInterface.Tests", "UserInterface.Tests\UserInterface.Tests.csproj", "{A67D5778-B791-4B88-B08B-49B7E6FA3F09}"
EndProject
Global
	GlobalSection(SolutionConfigurationPlatforms) = preSolution
		Debug|Any CPU = Debug|Any CPU
		Release|Any CPU = Release|Any CPU
	EndGlobalSection
	GlobalSection(ProjectConfigurationPlatforms) = postSolution
		{EB8C51C8-C6E7-4686-8C87-436E3BEF1762}.Debug|Any CPU.ActiveCfg = Debug|Any CPU
		{EB8C51C8-C6E7-4686-8C87-436E3BEF1762}.Debug|Any CPU.Build.0 = Debug|Any CPU
		{EB8C51C8-C6E7-4686-8C87-436E3BEF1762}.Release|Any CPU.ActiveCfg = Release|Any CPU
		{EB8C51C8-C6E7-4686-8C87-436E3BEF1762}.Release|Any CPU.Build.0 = Release|Any CPU
		{A67D5778-B791-4B88-B08B-49B7E6FA3F09}.Debug|Any CPU.ActiveCfg = Debug|Any CPU
		{A67D5778-B791-4B88-B08B-49B7E6FA3F09}.Debug|Any CPU.Build.0 = Debug|Any CPU
		{A67D5778-B791-4B88-B08B-49B7E6FA3F09}.Release|Any CPU.ActiveCfg = Release|Any CPU
		{A67D5778-B791-4B88-B08B-49B7E6FA3F09}.Release|Any CPU.Build.0 = Release|Any CPU
	EndGlobalSection
	GlobalSection(SolutionProperties) = preSolution
		HideSolutionNode = FALSE
	EndGlobalSection
	GlobalSection(ExtensibilityGlobals) = postSolution
		SolutionGuid = {B706ABF4-519C-4C85-A06E-E30BDE35B60F}
	EndGlobalSection
EndGlobal
